// !$*UTF8*$!
{
	archiveVersion = 1;
	classes = {
	};
	objectVersion = 51;
	objects = {

/* Begin PBXBuildFile section */
		6F4418F0914B13A176EC9297 /* Pods_Alu.framework in Frameworks */ = {isa = PBXBuildFile; fileRef = E5C88BB9830E30069BB1EFB8 /* Pods_Alu.framework */; };
		88245CBC24F0E0C5006DDAC0 /* TabBarController.swift in Sources */ = {isa = PBXBuildFile; fileRef = 88245CBB24F0E0C5006DDAC0 /* TabBarController.swift */; };
		88245CC324F10571006DDAC0 /* ProfileController.swift in Sources */ = {isa = PBXBuildFile; fileRef = 88245CC224F10571006DDAC0 /* ProfileController.swift */; };
		88245CC524F1081D006DDAC0 /* FavoritesController.swift in Sources */ = {isa = PBXBuildFile; fileRef = 88245CC424F1081D006DDAC0 /* FavoritesController.swift */; };
		88245CC724F10EC3006DDAC0 /* FavoritesTableViewCell.swift in Sources */ = {isa = PBXBuildFile; fileRef = 88245CC624F10EC3006DDAC0 /* FavoritesTableViewCell.swift */; };
		88245CC924F12ADE006DDAC0 /* CreateController.swift in Sources */ = {isa = PBXBuildFile; fileRef = 88245CC824F12ADE006DDAC0 /* CreateController.swift */; };
		8852342E24F242EE000FB9BC /* BasketController.swift in Sources */ = {isa = PBXBuildFile; fileRef = 8852342D24F242EE000FB9BC /* BasketController.swift */; };
		8852343024F2431F000FB9BC /* BasketTableViewCell.swift in Sources */ = {isa = PBXBuildFile; fileRef = 8852342F24F2431F000FB9BC /* BasketTableViewCell.swift */; };
		8852343224F2582B000FB9BC /* MainController.swift in Sources */ = {isa = PBXBuildFile; fileRef = 8852343124F2582B000FB9BC /* MainController.swift */; };
		886EFE29250114FD00A39875 /* Categories.json in Resources */ = {isa = PBXBuildFile; fileRef = 886EFE28250114FD00A39875 /* Categories.json */; };
		88731D3424D496720082A023 /* AuthorizationController.swift in Sources */ = {isa = PBXBuildFile; fileRef = 88731D3324D496720082A023 /* AuthorizationController.swift */; };
		88731D3624D49A960082A023 /* Extensions.swift in Sources */ = {isa = PBXBuildFile; fileRef = 88731D3524D49A960082A023 /* Extensions.swift */; };
		8886114924D48C8800E912E2 /* AppDelegate.swift in Sources */ = {isa = PBXBuildFile; fileRef = 8886114824D48C8800E912E2 /* AppDelegate.swift */; };
		8886115024D48C8800E912E2 /* Main.storyboard in Resources */ = {isa = PBXBuildFile; fileRef = 8886114E24D48C8800E912E2 /* Main.storyboard */; };
		8886115324D48C8800E912E2 /* Alu.xcdatamodeld in Sources */ = {isa = PBXBuildFile; fileRef = 8886115124D48C8800E912E2 /* Alu.xcdatamodeld */; };
		8886115524D48C8F00E912E2 /* Assets.xcassets in Resources */ = {isa = PBXBuildFile; fileRef = 8886115424D48C8F00E912E2 /* Assets.xcassets */; };
		8886115824D48C8F00E912E2 /* LaunchScreen.storyboard in Resources */ = {isa = PBXBuildFile; fileRef = 8886115624D48C8F00E912E2 /* LaunchScreen.storyboard */; };
		889760C424F578EF00C9212A /* InterestingCollectionViewCell.swift in Sources */ = {isa = PBXBuildFile; fileRef = 889760C324F578EF00C9212A /* InterestingCollectionViewCell.swift */; };
		889CCA75252338F30085EA81 /* ProfileNavigationController.swift in Sources */ = {isa = PBXBuildFile; fileRef = 889CCA74252338F30085EA81 /* ProfileNavigationController.swift */; };
		88A423162508231800826E4C /* GlobalVariables.swift in Sources */ = {isa = PBXBuildFile; fileRef = 88A423152508231800826E4C /* GlobalVariables.swift */; };
		88A4FB4C24FF542000A4105A /* MyOrdersController.swift in Sources */ = {isa = PBXBuildFile; fileRef = 88A4FB4B24FF542000A4105A /* MyOrdersController.swift */; };
		88A4FB4E24FF549300A4105A /* MyRentedTableViewCell.swift in Sources */ = {isa = PBXBuildFile; fileRef = 88A4FB4D24FF549300A4105A /* MyRentedTableViewCell.swift */; };
		88A4FB5024FF54A200A4105A /* MyWaitingTableViewCell.swift in Sources */ = {isa = PBXBuildFile; fileRef = 88A4FB4F24FF54A200A4105A /* MyWaitingTableViewCell.swift */; };
		88A4FB5224FF54B800A4105A /* MyCheckingTableViewCell.swift in Sources */ = {isa = PBXBuildFile; fileRef = 88A4FB5124FF54B800A4105A /* MyCheckingTableViewCell.swift */; };
		88A4FB5424FF73F800A4105A /* OrderInfoController.swift in Sources */ = {isa = PBXBuildFile; fileRef = 88A4FB5324FF73F800A4105A /* OrderInfoController.swift */; };
		88A4FB5624FF772500A4105A /* InfoCollectionViewCell.swift in Sources */ = {isa = PBXBuildFile; fileRef = 88A4FB5524FF772500A4105A /* InfoCollectionViewCell.swift */; };
		88A4FB5824FF889E00A4105A /* OrdersController.swift in Sources */ = {isa = PBXBuildFile; fileRef = 88A4FB5724FF889E00A4105A /* OrdersController.swift */; };
		88A4FB5A24FF8C8400A4105A /* UserDefaultsKeys in Resources */ = {isa = PBXBuildFile; fileRef = 88A4FB5924FF8C8400A4105A /* UserDefaultsKeys */; };
		88A4FB5C24FF8CDD00A4105A /* firstTypeCollectionViewCell.swift in Sources */ = {isa = PBXBuildFile; fileRef = 88A4FB5B24FF8CDD00A4105A /* firstTypeCollectionViewCell.swift */; };
		88A4FB5E24FF8CEA00A4105A /* secondTypeCollectionViewCell.swift in Sources */ = {isa = PBXBuildFile; fileRef = 88A4FB5D24FF8CEA00A4105A /* secondTypeCollectionViewCell.swift */; };
		88BFBEA724FEBF6A00B7AAD6 /* RentController.swift in Sources */ = {isa = PBXBuildFile; fileRef = 88BFBEA624FEBF6A00B7AAD6 /* RentController.swift */; };
		88BFBEA924FEBFA300B7AAD6 /* RentTableViewCell.swift in Sources */ = {isa = PBXBuildFile; fileRef = 88BFBEA824FEBFA300B7AAD6 /* RentTableViewCell.swift */; };
		88C54FF824FF95F6009E77D1 /* OrdersTableViewCell.swift in Sources */ = {isa = PBXBuildFile; fileRef = 88C54FF724FF95F6009E77D1 /* OrdersTableViewCell.swift */; };
		88C54FFA24FFBDC4009E77D1 /* WelcomeController.swift in Sources */ = {isa = PBXBuildFile; fileRef = 88C54FF924FFBDC4009E77D1 /* WelcomeController.swift */; };
		88E7A491251878E900EA40E4 /* AgreementController.swift in Sources */ = {isa = PBXBuildFile; fileRef = 88E7A490251878E900EA40E4 /* AgreementController.swift */; };
		88EAFA252507469A00982948 /* SearchController.swift in Sources */ = {isa = PBXBuildFile; fileRef = 88EAFA242507469A00982948 /* SearchController.swift */; };
		88EAFA272507508700982948 /* SearchTableViewCell.swift in Sources */ = {isa = PBXBuildFile; fileRef = 88EAFA262507508700982948 /* SearchTableViewCell.swift */; };
		88EAFA2925076A9A00982948 /* MessagesController.swift in Sources */ = {isa = PBXBuildFile; fileRef = 88EAFA2825076A9A00982948 /* MessagesController.swift */; };
		88EAFA2B25076B9A00982948 /* MessageTableViewCell.swift in Sources */ = {isa = PBXBuildFile; fileRef = 88EAFA2A25076B9A00982948 /* MessageTableViewCell.swift */; };
		88EAFA2D25078FB200982948 /* AcceptOrderController.swift in Sources */ = {isa = PBXBuildFile; fileRef = 88EAFA2C25078FB200982948 /* AcceptOrderController.swift */; };
		88EEDA2E24D5414F00A1273B /* Montserrat-LightItalic.ttf in Resources */ = {isa = PBXBuildFile; fileRef = 88EEDA1B24D5414E00A1273B /* Montserrat-LightItalic.ttf */; };
		88EEDA2F24D5414F00A1273B /* Montserrat-Medium.ttf in Resources */ = {isa = PBXBuildFile; fileRef = 88EEDA1C24D5414E00A1273B /* Montserrat-Medium.ttf */; };
		88EEDA3024D5414F00A1273B /* Montserrat-BoldItalic.ttf in Resources */ = {isa = PBXBuildFile; fileRef = 88EEDA1D24D5414E00A1273B /* Montserrat-BoldItalic.ttf */; };
		88EEDA3124D5414F00A1273B /* Montserrat-Light.ttf in Resources */ = {isa = PBXBuildFile; fileRef = 88EEDA1E24D5414E00A1273B /* Montserrat-Light.ttf */; };
		88EEDA3224D5414F00A1273B /* Montserrat-ThinItalic.ttf in Resources */ = {isa = PBXBuildFile; fileRef = 88EEDA1F24D5414E00A1273B /* Montserrat-ThinItalic.ttf */; };
		88EEDA3324D5414F00A1273B /* Montserrat-ExtraLight.ttf in Resources */ = {isa = PBXBuildFile; fileRef = 88EEDA2024D5414E00A1273B /* Montserrat-ExtraLight.ttf */; };
		88EEDA3424D5414F00A1273B /* Montserrat-Thin.ttf in Resources */ = {isa = PBXBuildFile; fileRef = 88EEDA2124D5414E00A1273B /* Montserrat-Thin.ttf */; };
		88EEDA3524D5414F00A1273B /* Montserrat-Bold.ttf in Resources */ = {isa = PBXBuildFile; fileRef = 88EEDA2224D5414E00A1273B /* Montserrat-Bold.ttf */; };
		88EEDA3624D5414F00A1273B /* Montserrat-MediumItalic.ttf in Resources */ = {isa = PBXBuildFile; fileRef = 88EEDA2324D5414E00A1273B /* Montserrat-MediumItalic.ttf */; };
		88EEDA3724D5414F00A1273B /* Montserrat-BlackItalic.ttf in Resources */ = {isa = PBXBuildFile; fileRef = 88EEDA2424D5414E00A1273B /* Montserrat-BlackItalic.ttf */; };
		88EEDA3824D5414F00A1273B /* Montserrat-SemiBold.ttf in Resources */ = {isa = PBXBuildFile; fileRef = 88EEDA2524D5414E00A1273B /* Montserrat-SemiBold.ttf */; };
		88EEDA3924D5414F00A1273B /* Montserrat-ExtraLightItalic.ttf in Resources */ = {isa = PBXBuildFile; fileRef = 88EEDA2624D5414E00A1273B /* Montserrat-ExtraLightItalic.ttf */; };
		88EEDA3A24D5414F00A1273B /* Montserrat-ExtraBold.ttf in Resources */ = {isa = PBXBuildFile; fileRef = 88EEDA2724D5414E00A1273B /* Montserrat-ExtraBold.ttf */; };
		88EEDA3B24D5414F00A1273B /* OFL.txt in Resources */ = {isa = PBXBuildFile; fileRef = 88EEDA2824D5414E00A1273B /* OFL.txt */; };
		88EEDA3C24D5414F00A1273B /* Montserrat-Black.ttf in Resources */ = {isa = PBXBuildFile; fileRef = 88EEDA2924D5414E00A1273B /* Montserrat-Black.ttf */; };
		88EEDA3D24D5414F00A1273B /* Montserrat-Regular.ttf in Resources */ = {isa = PBXBuildFile; fileRef = 88EEDA2A24D5414E00A1273B /* Montserrat-Regular.ttf */; };
		88EEDA3E24D5414F00A1273B /* Montserrat-Italic.ttf in Resources */ = {isa = PBXBuildFile; fileRef = 88EEDA2B24D5414E00A1273B /* Montserrat-Italic.ttf */; };
		88EEDA3F24D5414F00A1273B /* Montserrat-SemiBoldItalic.ttf in Resources */ = {isa = PBXBuildFile; fileRef = 88EEDA2C24D5414E00A1273B /* Montserrat-SemiBoldItalic.ttf */; };
		88EEDA4024D5414F00A1273B /* Montserrat-ExtraBoldItalic.ttf in Resources */ = {isa = PBXBuildFile; fileRef = 88EEDA2D24D5414E00A1273B /* Montserrat-ExtraBoldItalic.ttf */; };
		88EEDA4224D546EC00A1273B /* ValidationController.swift in Sources */ = {isa = PBXBuildFile; fileRef = 88EEDA4124D546EC00A1273B /* ValidationController.swift */; };
/* End PBXBuildFile section */

/* Begin PBXFileReference section */
		82CA6E071C9C3D641257A2A0 /* Pods-Alu.release.xcconfig */ = {isa = PBXFileReference; includeInIndex = 1; lastKnownFileType = text.xcconfig; name = "Pods-Alu.release.xcconfig"; path = "Target Support Files/Pods-Alu/Pods-Alu.release.xcconfig"; sourceTree = "<group>"; };
		88245CBB24F0E0C5006DDAC0 /* TabBarController.swift */ = {isa = PBXFileReference; lastKnownFileType = sourcecode.swift; path = TabBarController.swift; sourceTree = "<group>"; };
		88245CC224F10571006DDAC0 /* ProfileController.swift */ = {isa = PBXFileReference; lastKnownFileType = sourcecode.swift; path = ProfileController.swift; sourceTree = "<group>"; };
		88245CC424F1081D006DDAC0 /* FavoritesController.swift */ = {isa = PBXFileReference; lastKnownFileType = sourcecode.swift; path = FavoritesController.swift; sourceTree = "<group>"; };
		88245CC624F10EC3006DDAC0 /* FavoritesTableViewCell.swift */ = {isa = PBXFileReference; lastKnownFileType = sourcecode.swift; path = FavoritesTableViewCell.swift; sourceTree = "<group>"; };
		88245CC824F12ADE006DDAC0 /* CreateController.swift */ = {isa = PBXFileReference; lastKnownFileType = sourcecode.swift; path = CreateController.swift; sourceTree = "<group>"; };
		8852342D24F242EE000FB9BC /* BasketController.swift */ = {isa = PBXFileReference; lastKnownFileType = sourcecode.swift; path = BasketController.swift; sourceTree = "<group>"; };
		8852342F24F2431F000FB9BC /* BasketTableViewCell.swift */ = {isa = PBXFileReference; lastKnownFileType = sourcecode.swift; path = BasketTableViewCell.swift; sourceTree = "<group>"; };
		8852343124F2582B000FB9BC /* MainController.swift */ = {isa = PBXFileReference; lastKnownFileType = sourcecode.swift; path = MainController.swift; sourceTree = "<group>"; };
		886EFE28250114FD00A39875 /* Categories.json */ = {isa = PBXFileReference; fileEncoding = 4; lastKnownFileType = text.json; path = Categories.json; sourceTree = "<group>"; };
		88731D3324D496720082A023 /* AuthorizationController.swift */ = {isa = PBXFileReference; lastKnownFileType = sourcecode.swift; path = AuthorizationController.swift; sourceTree = "<group>"; };
		88731D3524D49A960082A023 /* Extensions.swift */ = {isa = PBXFileReference; lastKnownFileType = sourcecode.swift; path = Extensions.swift; sourceTree = "<group>"; };
		8886114524D48C8800E912E2 /* ALU.KZ.app */ = {isa = PBXFileReference; explicitFileType = wrapper.application; includeInIndex = 0; path = ALU.KZ.app; sourceTree = BUILT_PRODUCTS_DIR; };
		8886114824D48C8800E912E2 /* AppDelegate.swift */ = {isa = PBXFileReference; lastKnownFileType = sourcecode.swift; path = AppDelegate.swift; sourceTree = "<group>"; };
		8886114F24D48C8800E912E2 /* Base */ = {isa = PBXFileReference; lastKnownFileType = file.storyboard; name = Base; path = Base.lproj/Main.storyboard; sourceTree = "<group>"; };
		8886115224D48C8800E912E2 /* Alu.xcdatamodel */ = {isa = PBXFileReference; lastKnownFileType = wrapper.xcdatamodel; path = Alu.xcdatamodel; sourceTree = "<group>"; };
		8886115424D48C8F00E912E2 /* Assets.xcassets */ = {isa = PBXFileReference; lastKnownFileType = folder.assetcatalog; path = Assets.xcassets; sourceTree = "<group>"; };
		8886115724D48C8F00E912E2 /* Base */ = {isa = PBXFileReference; lastKnownFileType = file.storyboard; name = Base; path = Base.lproj/LaunchScreen.storyboard; sourceTree = "<group>"; };
		8886115924D48C8F00E912E2 /* Info.plist */ = {isa = PBXFileReference; lastKnownFileType = text.plist.xml; path = Info.plist; sourceTree = "<group>"; };
		889760C324F578EF00C9212A /* InterestingCollectionViewCell.swift */ = {isa = PBXFileReference; lastKnownFileType = sourcecode.swift; path = InterestingCollectionViewCell.swift; sourceTree = "<group>"; };
		889CCA732522516D0085EA81 /* ALU.KZ.entitlements */ = {isa = PBXFileReference; lastKnownFileType = text.plist.entitlements; path = ALU.KZ.entitlements; sourceTree = "<group>"; };
		889CCA74252338F30085EA81 /* ProfileNavigationController.swift */ = {isa = PBXFileReference; lastKnownFileType = sourcecode.swift; path = ProfileNavigationController.swift; sourceTree = "<group>"; };
		88A423152508231800826E4C /* GlobalVariables.swift */ = {isa = PBXFileReference; lastKnownFileType = sourcecode.swift; path = GlobalVariables.swift; sourceTree = "<group>"; };
		88A4FB4B24FF542000A4105A /* MyOrdersController.swift */ = {isa = PBXFileReference; lastKnownFileType = sourcecode.swift; path = MyOrdersController.swift; sourceTree = "<group>"; };
		88A4FB4D24FF549300A4105A /* MyRentedTableViewCell.swift */ = {isa = PBXFileReference; lastKnownFileType = sourcecode.swift; path = MyRentedTableViewCell.swift; sourceTree = "<group>"; };
		88A4FB4F24FF54A200A4105A /* MyWaitingTableViewCell.swift */ = {isa = PBXFileReference; lastKnownFileType = sourcecode.swift; path = MyWaitingTableViewCell.swift; sourceTree = "<group>"; };
		88A4FB5124FF54B800A4105A /* MyCheckingTableViewCell.swift */ = {isa = PBXFileReference; lastKnownFileType = sourcecode.swift; path = MyCheckingTableViewCell.swift; sourceTree = "<group>"; };
		88A4FB5324FF73F800A4105A /* OrderInfoController.swift */ = {isa = PBXFileReference; lastKnownFileType = sourcecode.swift; path = OrderInfoController.swift; sourceTree = "<group>"; };
		88A4FB5524FF772500A4105A /* InfoCollectionViewCell.swift */ = {isa = PBXFileReference; lastKnownFileType = sourcecode.swift; path = InfoCollectionViewCell.swift; sourceTree = "<group>"; };
		88A4FB5724FF889E00A4105A /* OrdersController.swift */ = {isa = PBXFileReference; lastKnownFileType = sourcecode.swift; path = OrdersController.swift; sourceTree = "<group>"; };
		88A4FB5924FF8C8400A4105A /* UserDefaultsKeys */ = {isa = PBXFileReference; lastKnownFileType = text; path = UserDefaultsKeys; sourceTree = "<group>"; };
		88A4FB5B24FF8CDD00A4105A /* firstTypeCollectionViewCell.swift */ = {isa = PBXFileReference; lastKnownFileType = sourcecode.swift; path = firstTypeCollectionViewCell.swift; sourceTree = "<group>"; };
		88A4FB5D24FF8CEA00A4105A /* secondTypeCollectionViewCell.swift */ = {isa = PBXFileReference; lastKnownFileType = sourcecode.swift; path = secondTypeCollectionViewCell.swift; sourceTree = "<group>"; };
		88BFBEA624FEBF6A00B7AAD6 /* RentController.swift */ = {isa = PBXFileReference; lastKnownFileType = sourcecode.swift; path = RentController.swift; sourceTree = "<group>"; };
		88BFBEA824FEBFA300B7AAD6 /* RentTableViewCell.swift */ = {isa = PBXFileReference; lastKnownFileType = sourcecode.swift; path = RentTableViewCell.swift; sourceTree = "<group>"; };
		88C54FF724FF95F6009E77D1 /* OrdersTableViewCell.swift */ = {isa = PBXFileReference; lastKnownFileType = sourcecode.swift; path = OrdersTableViewCell.swift; sourceTree = "<group>"; };
		88C54FF924FFBDC4009E77D1 /* WelcomeController.swift */ = {isa = PBXFileReference; lastKnownFileType = sourcecode.swift; path = WelcomeController.swift; sourceTree = "<group>"; };
		88E7A490251878E900EA40E4 /* AgreementController.swift */ = {isa = PBXFileReference; lastKnownFileType = sourcecode.swift; path = AgreementController.swift; sourceTree = "<group>"; };
		88EAFA242507469A00982948 /* SearchController.swift */ = {isa = PBXFileReference; lastKnownFileType = sourcecode.swift; path = SearchController.swift; sourceTree = "<group>"; };
		88EAFA262507508700982948 /* SearchTableViewCell.swift */ = {isa = PBXFileReference; lastKnownFileType = sourcecode.swift; path = SearchTableViewCell.swift; sourceTree = "<group>"; };
		88EAFA2825076A9A00982948 /* MessagesController.swift */ = {isa = PBXFileReference; lastKnownFileType = sourcecode.swift; path = MessagesController.swift; sourceTree = "<group>"; };
		88EAFA2A25076B9A00982948 /* MessageTableViewCell.swift */ = {isa = PBXFileReference; lastKnownFileType = sourcecode.swift; path = MessageTableViewCell.swift; sourceTree = "<group>"; };
		88EAFA2C25078FB200982948 /* AcceptOrderController.swift */ = {isa = PBXFileReference; lastKnownFileType = sourcecode.swift; path = AcceptOrderController.swift; sourceTree = "<group>"; };
		88EEDA1B24D5414E00A1273B /* Montserrat-LightItalic.ttf */ = {isa = PBXFileReference; lastKnownFileType = file; path = "Montserrat-LightItalic.ttf"; sourceTree = "<group>"; };
		88EEDA1C24D5414E00A1273B /* Montserrat-Medium.ttf */ = {isa = PBXFileReference; lastKnownFileType = file; path = "Montserrat-Medium.ttf"; sourceTree = "<group>"; };
		88EEDA1D24D5414E00A1273B /* Montserrat-BoldItalic.ttf */ = {isa = PBXFileReference; lastKnownFileType = file; path = "Montserrat-BoldItalic.ttf"; sourceTree = "<group>"; };
		88EEDA1E24D5414E00A1273B /* Montserrat-Light.ttf */ = {isa = PBXFileReference; lastKnownFileType = file; path = "Montserrat-Light.ttf"; sourceTree = "<group>"; };
		88EEDA1F24D5414E00A1273B /* Montserrat-ThinItalic.ttf */ = {isa = PBXFileReference; lastKnownFileType = file; path = "Montserrat-ThinItalic.ttf"; sourceTree = "<group>"; };
		88EEDA2024D5414E00A1273B /* Montserrat-ExtraLight.ttf */ = {isa = PBXFileReference; lastKnownFileType = file; path = "Montserrat-ExtraLight.ttf"; sourceTree = "<group>"; };
		88EEDA2124D5414E00A1273B /* Montserrat-Thin.ttf */ = {isa = PBXFileReference; lastKnownFileType = file; path = "Montserrat-Thin.ttf"; sourceTree = "<group>"; };
		88EEDA2224D5414E00A1273B /* Montserrat-Bold.ttf */ = {isa = PBXFileReference; lastKnownFileType = file; path = "Montserrat-Bold.ttf"; sourceTree = "<group>"; };
		88EEDA2324D5414E00A1273B /* Montserrat-MediumItalic.ttf */ = {isa = PBXFileReference; lastKnownFileType = file; path = "Montserrat-MediumItalic.ttf"; sourceTree = "<group>"; };
		88EEDA2424D5414E00A1273B /* Montserrat-BlackItalic.ttf */ = {isa = PBXFileReference; lastKnownFileType = file; path = "Montserrat-BlackItalic.ttf"; sourceTree = "<group>"; };
		88EEDA2524D5414E00A1273B /* Montserrat-SemiBold.ttf */ = {isa = PBXFileReference; lastKnownFileType = file; path = "Montserrat-SemiBold.ttf"; sourceTree = "<group>"; };
		88EEDA2624D5414E00A1273B /* Montserrat-ExtraLightItalic.ttf */ = {isa = PBXFileReference; lastKnownFileType = file; path = "Montserrat-ExtraLightItalic.ttf"; sourceTree = "<group>"; };
		88EEDA2724D5414E00A1273B /* Montserrat-ExtraBold.ttf */ = {isa = PBXFileReference; lastKnownFileType = file; path = "Montserrat-ExtraBold.ttf"; sourceTree = "<group>"; };
		88EEDA2824D5414E00A1273B /* OFL.txt */ = {isa = PBXFileReference; fileEncoding = 4; lastKnownFileType = text; path = OFL.txt; sourceTree = "<group>"; };
		88EEDA2924D5414E00A1273B /* Montserrat-Black.ttf */ = {isa = PBXFileReference; lastKnownFileType = file; path = "Montserrat-Black.ttf"; sourceTree = "<group>"; };
		88EEDA2A24D5414E00A1273B /* Montserrat-Regular.ttf */ = {isa = PBXFileReference; lastKnownFileType = file; path = "Montserrat-Regular.ttf"; sourceTree = "<group>"; };
		88EEDA2B24D5414E00A1273B /* Montserrat-Italic.ttf */ = {isa = PBXFileReference; lastKnownFileType = file; path = "Montserrat-Italic.ttf"; sourceTree = "<group>"; };
		88EEDA2C24D5414E00A1273B /* Montserrat-SemiBoldItalic.ttf */ = {isa = PBXFileReference; lastKnownFileType = file; path = "Montserrat-SemiBoldItalic.ttf"; sourceTree = "<group>"; };
		88EEDA2D24D5414E00A1273B /* Montserrat-ExtraBoldItalic.ttf */ = {isa = PBXFileReference; lastKnownFileType = file; path = "Montserrat-ExtraBoldItalic.ttf"; sourceTree = "<group>"; };
		88EEDA4124D546EC00A1273B /* ValidationController.swift */ = {isa = PBXFileReference; lastKnownFileType = sourcecode.swift; path = ValidationController.swift; sourceTree = "<group>"; };
		E5C88BB9830E30069BB1EFB8 /* Pods_Alu.framework */ = {isa = PBXFileReference; explicitFileType = wrapper.framework; includeInIndex = 0; path = Pods_Alu.framework; sourceTree = BUILT_PRODUCTS_DIR; };
		EEA59DE5FFC419A9C2D5517E /* Pods-Alu.debug.xcconfig */ = {isa = PBXFileReference; includeInIndex = 1; lastKnownFileType = text.xcconfig; name = "Pods-Alu.debug.xcconfig"; path = "Target Support Files/Pods-Alu/Pods-Alu.debug.xcconfig"; sourceTree = "<group>"; };
/* End PBXFileReference section */

/* Begin PBXFrameworksBuildPhase section */
		8886114224D48C8800E912E2 /* Frameworks */ = {
			isa = PBXFrameworksBuildPhase;
			buildActionMask = 2147483647;
			files = (
				6F4418F0914B13A176EC9297 /* Pods_Alu.framework in Frameworks */,
			);
			runOnlyForDeploymentPostprocessing = 0;
		};
/* End PBXFrameworksBuildPhase section */

/* Begin PBXGroup section */
		88245CBD24F10526006DDAC0 /* ProfileNav */ = {
			isa = PBXGroup;
			children = (
				88245CC224F10571006DDAC0 /* ProfileController.swift */,
				88BFBEA624FEBF6A00B7AAD6 /* RentController.swift */,
				88BFBEA824FEBFA300B7AAD6 /* RentTableViewCell.swift */,
				88A4FB4B24FF542000A4105A /* MyOrdersController.swift */,
				88A4FB4D24FF549300A4105A /* MyRentedTableViewCell.swift */,
				88A4FB4F24FF54A200A4105A /* MyWaitingTableViewCell.swift */,
				88A4FB5124FF54B800A4105A /* MyCheckingTableViewCell.swift */,
				88EAFA2825076A9A00982948 /* MessagesController.swift */,
				88EAFA2A25076B9A00982948 /* MessageTableViewCell.swift */,
				88EAFA2C25078FB200982948 /* AcceptOrderController.swift */,
			);
			path = ProfileNav;
			sourceTree = "<group>";
		};
		88245CBE24F10533006DDAC0 /* FavoritesNav */ = {
			isa = PBXGroup;
			children = (
				88245CC424F1081D006DDAC0 /* FavoritesController.swift */,
				88245CC624F10EC3006DDAC0 /* FavoritesTableViewCell.swift */,
			);
			path = FavoritesNav;
			sourceTree = "<group>";
		};
		88245CBF24F10540006DDAC0 /* CreateNav */ = {
			isa = PBXGroup;
			children = (
				88245CC824F12ADE006DDAC0 /* CreateController.swift */,
			);
			path = CreateNav;
			sourceTree = "<group>";
		};
		88245CC024F10548006DDAC0 /* BasketNav */ = {
			isa = PBXGroup;
			children = (
				8852342D24F242EE000FB9BC /* BasketController.swift */,
				8852342F24F2431F000FB9BC /* BasketTableViewCell.swift */,
			);
			path = BasketNav;
			sourceTree = "<group>";
		};
		88245CC124F1055E006DDAC0 /* MainNav */ = {
			isa = PBXGroup;
			children = (
				8852343124F2582B000FB9BC /* MainController.swift */,
				889760C324F578EF00C9212A /* InterestingCollectionViewCell.swift */,
				88A4FB5724FF889E00A4105A /* OrdersController.swift */,
				88A4FB5B24FF8CDD00A4105A /* firstTypeCollectionViewCell.swift */,
				88A4FB5D24FF8CEA00A4105A /* secondTypeCollectionViewCell.swift */,
				88C54FF724FF95F6009E77D1 /* OrdersTableViewCell.swift */,
				88EAFA242507469A00982948 /* SearchController.swift */,
				88EAFA262507508700982948 /* SearchTableViewCell.swift */,
			);
			path = MainNav;
			sourceTree = "<group>";
		};
		8886113C24D48C8800E912E2 = {
			isa = PBXGroup;
			children = (
				8886114724D48C8800E912E2 /* Alu */,
				8886114624D48C8800E912E2 /* Products */,
				CD0FB4A1FCDCD8708A894E34 /* Pods */,
				A1AC0F34D3B8EDD33E34F5C0 /* Frameworks */,
			);
			sourceTree = "<group>";
		};
		8886114624D48C8800E912E2 /* Products */ = {
			isa = PBXGroup;
			children = (
				8886114524D48C8800E912E2 /* ALU.KZ.app */,
			);
			name = Products;
			sourceTree = "<group>";
		};
		8886114724D48C8800E912E2 /* Alu */ = {
			isa = PBXGroup;
			children = (
				889CCA732522516D0085EA81 /* ALU.KZ.entitlements */,
				88245CC124F1055E006DDAC0 /* MainNav */,
				88245CC024F10548006DDAC0 /* BasketNav */,
				88245CBF24F10540006DDAC0 /* CreateNav */,
				88245CBE24F10533006DDAC0 /* FavoritesNav */,
				88245CBD24F10526006DDAC0 /* ProfileNav */,
				88EEDA1924D5412900A1273B /* Fonts */,
				8886114824D48C8800E912E2 /* AppDelegate.swift */,
				8886114E24D48C8800E912E2 /* Main.storyboard */,
				8886115424D48C8F00E912E2 /* Assets.xcassets */,
				8886115624D48C8F00E912E2 /* LaunchScreen.storyboard */,
				8886115924D48C8F00E912E2 /* Info.plist */,
				8886115124D48C8800E912E2 /* Alu.xcdatamodeld */,
				88731D3324D496720082A023 /* AuthorizationController.swift */,
				88731D3524D49A960082A023 /* Extensions.swift */,
				88EEDA4124D546EC00A1273B /* ValidationController.swift */,
				88245CBB24F0E0C5006DDAC0 /* TabBarController.swift */,
				88A4FB5324FF73F800A4105A /* OrderInfoController.swift */,
				88A4FB5524FF772500A4105A /* InfoCollectionViewCell.swift */,
				88A4FB5924FF8C8400A4105A /* UserDefaultsKeys */,
				886EFE28250114FD00A39875 /* Categories.json */,
				88C54FF924FFBDC4009E77D1 /* WelcomeController.swift */,
				88A423152508231800826E4C /* GlobalVariables.swift */,
				88E7A490251878E900EA40E4 /* AgreementController.swift */,
				889CCA74252338F30085EA81 /* ProfileNavigationController.swift */,
			);
			path = Alu;
			sourceTree = "<group>";
		};
		88EEDA1924D5412900A1273B /* Fonts */ = {
			isa = PBXGroup;
			children = (
				88EEDA1A24D5414E00A1273B /* Montserrat */,
			);
			path = Fonts;
			sourceTree = "<group>";
		};
		88EEDA1A24D5414E00A1273B /* Montserrat */ = {
			isa = PBXGroup;
			children = (
				88EEDA1B24D5414E00A1273B /* Montserrat-LightItalic.ttf */,
				88EEDA1C24D5414E00A1273B /* Montserrat-Medium.ttf */,
				88EEDA1D24D5414E00A1273B /* Montserrat-BoldItalic.ttf */,
				88EEDA1E24D5414E00A1273B /* Montserrat-Light.ttf */,
				88EEDA1F24D5414E00A1273B /* Montserrat-ThinItalic.ttf */,
				88EEDA2024D5414E00A1273B /* Montserrat-ExtraLight.ttf */,
				88EEDA2124D5414E00A1273B /* Montserrat-Thin.ttf */,
				88EEDA2224D5414E00A1273B /* Montserrat-Bold.ttf */,
				88EEDA2324D5414E00A1273B /* Montserrat-MediumItalic.ttf */,
				88EEDA2424D5414E00A1273B /* Montserrat-BlackItalic.ttf */,
				88EEDA2524D5414E00A1273B /* Montserrat-SemiBold.ttf */,
				88EEDA2624D5414E00A1273B /* Montserrat-ExtraLightItalic.ttf */,
				88EEDA2724D5414E00A1273B /* Montserrat-ExtraBold.ttf */,
				88EEDA2824D5414E00A1273B /* OFL.txt */,
				88EEDA2924D5414E00A1273B /* Montserrat-Black.ttf */,
				88EEDA2A24D5414E00A1273B /* Montserrat-Regular.ttf */,
				88EEDA2B24D5414E00A1273B /* Montserrat-Italic.ttf */,
				88EEDA2C24D5414E00A1273B /* Montserrat-SemiBoldItalic.ttf */,
				88EEDA2D24D5414E00A1273B /* Montserrat-ExtraBoldItalic.ttf */,
			);
			path = Montserrat;
			sourceTree = "<group>";
		};
		A1AC0F34D3B8EDD33E34F5C0 /* Frameworks */ = {
			isa = PBXGroup;
			children = (
				E5C88BB9830E30069BB1EFB8 /* Pods_Alu.framework */,
			);
			name = Frameworks;
			sourceTree = "<group>";
		};
		CD0FB4A1FCDCD8708A894E34 /* Pods */ = {
			isa = PBXGroup;
			children = (
				EEA59DE5FFC419A9C2D5517E /* Pods-Alu.debug.xcconfig */,
				82CA6E071C9C3D641257A2A0 /* Pods-Alu.release.xcconfig */,
			);
			path = Pods;
			sourceTree = "<group>";
		};
/* End PBXGroup section */

/* Begin PBXNativeTarget section */
		8886114424D48C8800E912E2 /* Alu */ = {
			isa = PBXNativeTarget;
			buildConfigurationList = 8886115C24D48C8F00E912E2 /* Build configuration list for PBXNativeTarget "Alu" */;
			buildPhases = (
				F43976084A725526045160BF /* [CP] Check Pods Manifest.lock */,
				8886114124D48C8800E912E2 /* Sources */,
				8886114224D48C8800E912E2 /* Frameworks */,
				8886114324D48C8800E912E2 /* Resources */,
				F6DBFA78B2985A51EBDA4194 /* [CP] Embed Pods Frameworks */,
			);
			buildRules = (
			);
			dependencies = (
			);
			name = Alu;
			productName = Alu;
			productReference = 8886114524D48C8800E912E2 /* ALU.KZ.app */;
			productType = "com.apple.product-type.application";
		};
/* End PBXNativeTarget section */

/* Begin PBXProject section */
		8886113D24D48C8800E912E2 /* Project object */ = {
			isa = PBXProject;
			attributes = {
				LastSwiftUpdateCheck = 1160;
				LastUpgradeCheck = 1160;
				ORGANIZATIONNAME = XCode;
				TargetAttributes = {
					8886114424D48C8800E912E2 = {
						CreatedOnToolsVersion = 11.6;
					};
				};
			};
			buildConfigurationList = 8886114024D48C8800E912E2 /* Build configuration list for PBXProject "Alu" */;
			compatibilityVersion = "Xcode 9.3";
			developmentRegion = en;
			hasScannedForEncodings = 0;
			knownRegions = (
				en,
				Base,
			);
			mainGroup = 8886113C24D48C8800E912E2;
			productRefGroup = 8886114624D48C8800E912E2 /* Products */;
			projectDirPath = "";
			projectRoot = "";
			targets = (
				8886114424D48C8800E912E2 /* Alu */,
			);
		};
/* End PBXProject section */

/* Begin PBXResourcesBuildPhase section */
		8886114324D48C8800E912E2 /* Resources */ = {
			isa = PBXResourcesBuildPhase;
			buildActionMask = 2147483647;
			files = (
				88EEDA3F24D5414F00A1273B /* Montserrat-SemiBoldItalic.ttf in Resources */,
				88EEDA3B24D5414F00A1273B /* OFL.txt in Resources */,
				88A4FB5A24FF8C8400A4105A /* UserDefaultsKeys in Resources */,
				88EEDA3424D5414F00A1273B /* Montserrat-Thin.ttf in Resources */,
				88EEDA3124D5414F00A1273B /* Montserrat-Light.ttf in Resources */,
				88EEDA3924D5414F00A1273B /* Montserrat-ExtraLightItalic.ttf in Resources */,
				88EEDA3024D5414F00A1273B /* Montserrat-BoldItalic.ttf in Resources */,
				88EEDA3224D5414F00A1273B /* Montserrat-ThinItalic.ttf in Resources */,
				88EEDA3A24D5414F00A1273B /* Montserrat-ExtraBold.ttf in Resources */,
				88EEDA3D24D5414F00A1273B /* Montserrat-Regular.ttf in Resources */,
				88EEDA2E24D5414F00A1273B /* Montserrat-LightItalic.ttf in Resources */,
				88EEDA3324D5414F00A1273B /* Montserrat-ExtraLight.ttf in Resources */,
				88EEDA2F24D5414F00A1273B /* Montserrat-Medium.ttf in Resources */,
				8886115824D48C8F00E912E2 /* LaunchScreen.storyboard in Resources */,
				8886115524D48C8F00E912E2 /* Assets.xcassets in Resources */,
				88EEDA3724D5414F00A1273B /* Montserrat-BlackItalic.ttf in Resources */,
				88EEDA3824D5414F00A1273B /* Montserrat-SemiBold.ttf in Resources */,
				88EEDA3E24D5414F00A1273B /* Montserrat-Italic.ttf in Resources */,
				88EEDA3524D5414F00A1273B /* Montserrat-Bold.ttf in Resources */,
				88EEDA3624D5414F00A1273B /* Montserrat-MediumItalic.ttf in Resources */,
				8886115024D48C8800E912E2 /* Main.storyboard in Resources */,
				886EFE29250114FD00A39875 /* Categories.json in Resources */,
				88EEDA3C24D5414F00A1273B /* Montserrat-Black.ttf in Resources */,
				88EEDA4024D5414F00A1273B /* Montserrat-ExtraBoldItalic.ttf in Resources */,
			);
			runOnlyForDeploymentPostprocessing = 0;
		};
/* End PBXResourcesBuildPhase section */

/* Begin PBXShellScriptBuildPhase section */
		F43976084A725526045160BF /* [CP] Check Pods Manifest.lock */ = {
			isa = PBXShellScriptBuildPhase;
			buildActionMask = 2147483647;
			files = (
			);
			inputFileListPaths = (
			);
			inputPaths = (
				"${PODS_PODFILE_DIR_PATH}/Podfile.lock",
				"${PODS_ROOT}/Manifest.lock",
			);
			name = "[CP] Check Pods Manifest.lock";
			outputFileListPaths = (
			);
			outputPaths = (
				"$(DERIVED_FILE_DIR)/Pods-Alu-checkManifestLockResult.txt",
			);
			runOnlyForDeploymentPostprocessing = 0;
			shellPath = /bin/sh;
			shellScript = "diff \"${PODS_PODFILE_DIR_PATH}/Podfile.lock\" \"${PODS_ROOT}/Manifest.lock\" > /dev/null\nif [ $? != 0 ] ; then\n    # print error to STDERR\n    echo \"error: The sandbox is not in sync with the Podfile.lock. Run 'pod install' or update your CocoaPods installation.\" >&2\n    exit 1\nfi\n# This output is used by Xcode 'outputs' to avoid re-running this script phase.\necho \"SUCCESS\" > \"${SCRIPT_OUTPUT_FILE_0}\"\n";
			showEnvVarsInLog = 0;
		};
		F6DBFA78B2985A51EBDA4194 /* [CP] Embed Pods Frameworks */ = {
			isa = PBXShellScriptBuildPhase;
			buildActionMask = 2147483647;
			files = (
			);
			inputFileListPaths = (
				"${PODS_ROOT}/Target Support Files/Pods-Alu/Pods-Alu-frameworks-${CONFIGURATION}-input-files.xcfilelist",
			);
			name = "[CP] Embed Pods Frameworks";
			outputFileListPaths = (
				"${PODS_ROOT}/Target Support Files/Pods-Alu/Pods-Alu-frameworks-${CONFIGURATION}-output-files.xcfilelist",
			);
			runOnlyForDeploymentPostprocessing = 0;
			shellPath = /bin/sh;
			shellScript = "\"${PODS_ROOT}/Target Support Files/Pods-Alu/Pods-Alu-frameworks.sh\"\n";
			showEnvVarsInLog = 0;
		};
/* End PBXShellScriptBuildPhase section */

/* Begin PBXSourcesBuildPhase section */
		8886114124D48C8800E912E2 /* Sources */ = {
			isa = PBXSourcesBuildPhase;
			buildActionMask = 2147483647;
			files = (
				88245CC324F10571006DDAC0 /* ProfileController.swift in Sources */,
				889760C424F578EF00C9212A /* InterestingCollectionViewCell.swift in Sources */,
				88EAFA2B25076B9A00982948 /* MessageTableViewCell.swift in Sources */,
				88C54FF824FF95F6009E77D1 /* OrdersTableViewCell.swift in Sources */,
				88A4FB4C24FF542000A4105A /* MyOrdersController.swift in Sources */,
				8852343024F2431F000FB9BC /* BasketTableViewCell.swift in Sources */,
				88A423162508231800826E4C /* GlobalVariables.swift in Sources */,
				88EAFA2D25078FB200982948 /* AcceptOrderController.swift in Sources */,
				88EAFA2925076A9A00982948 /* MessagesController.swift in Sources */,
				88245CC724F10EC3006DDAC0 /* FavoritesTableViewCell.swift in Sources */,
				88731D3624D49A960082A023 /* Extensions.swift in Sources */,
				88A4FB5824FF889E00A4105A /* OrdersController.swift in Sources */,
				88E7A491251878E900EA40E4 /* AgreementController.swift in Sources */,
				88A4FB5C24FF8CDD00A4105A /* firstTypeCollectionViewCell.swift in Sources */,
				88731D3424D496720082A023 /* AuthorizationController.swift in Sources */,
				88EAFA272507508700982948 /* SearchTableViewCell.swift in Sources */,
				88245CC524F1081D006DDAC0 /* FavoritesController.swift in Sources */,
				88BFBEA724FEBF6A00B7AAD6 /* RentController.swift in Sources */,
				88A4FB5024FF54A200A4105A /* MyWaitingTableViewCell.swift in Sources */,
				88245CC924F12ADE006DDAC0 /* CreateController.swift in Sources */,
				88EEDA4224D546EC00A1273B /* ValidationController.swift in Sources */,
				88A4FB5424FF73F800A4105A /* OrderInfoController.swift in Sources */,
				88245CBC24F0E0C5006DDAC0 /* TabBarController.swift in Sources */,
				88A4FB5E24FF8CEA00A4105A /* secondTypeCollectionViewCell.swift in Sources */,
				8886114924D48C8800E912E2 /* AppDelegate.swift in Sources */,
				8852342E24F242EE000FB9BC /* BasketController.swift in Sources */,
				8852343224F2582B000FB9BC /* MainController.swift in Sources */,
				88A4FB4E24FF549300A4105A /* MyRentedTableViewCell.swift in Sources */,
				88A4FB5224FF54B800A4105A /* MyCheckingTableViewCell.swift in Sources */,
				889CCA75252338F30085EA81 /* ProfileNavigationController.swift in Sources */,
				88EAFA252507469A00982948 /* SearchController.swift in Sources */,
				88BFBEA924FEBFA300B7AAD6 /* RentTableViewCell.swift in Sources */,
				88C54FFA24FFBDC4009E77D1 /* WelcomeController.swift in Sources */,
				88A4FB5624FF772500A4105A /* InfoCollectionViewCell.swift in Sources */,
				8886115324D48C8800E912E2 /* Alu.xcdatamodeld in Sources */,
			);
			runOnlyForDeploymentPostprocessing = 0;
		};
/* End PBXSourcesBuildPhase section */

/* Begin PBXVariantGroup section */
		8886114E24D48C8800E912E2 /* Main.storyboard */ = {
			isa = PBXVariantGroup;
			children = (
				8886114F24D48C8800E912E2 /* Base */,
			);
			name = Main.storyboard;
			sourceTree = "<group>";
		};
		8886115624D48C8F00E912E2 /* LaunchScreen.storyboard */ = {
			isa = PBXVariantGroup;
			children = (
				8886115724D48C8F00E912E2 /* Base */,
			);
			name = LaunchScreen.storyboard;
			sourceTree = "<group>";
		};
/* End PBXVariantGroup section */

/* Begin XCBuildConfiguration section */
		8886115A24D48C8F00E912E2 /* Debug */ = {
			isa = XCBuildConfiguration;
			buildSettings = {
				ALWAYS_SEARCH_USER_PATHS = NO;
				CLANG_ANALYZER_NONNULL = YES;
				CLANG_ANALYZER_NUMBER_OBJECT_CONVERSION = YES_AGGRESSIVE;
				CLANG_CXX_LANGUAGE_STANDARD = "gnu++14";
				CLANG_CXX_LIBRARY = "libc++";
				CLANG_ENABLE_MODULES = YES;
				CLANG_ENABLE_OBJC_ARC = YES;
				CLANG_ENABLE_OBJC_WEAK = YES;
				CLANG_WARN_BLOCK_CAPTURE_AUTORELEASING = YES;
				CLANG_WARN_BOOL_CONVERSION = YES;
				CLANG_WARN_COMMA = YES;
				CLANG_WARN_CONSTANT_CONVERSION = YES;
				CLANG_WARN_DEPRECATED_OBJC_IMPLEMENTATIONS = YES;
				CLANG_WARN_DIRECT_OBJC_ISA_USAGE = YES_ERROR;
				CLANG_WARN_DOCUMENTATION_COMMENTS = YES;
				CLANG_WARN_EMPTY_BODY = YES;
				CLANG_WARN_ENUM_CONVERSION = YES;
				CLANG_WARN_INFINITE_RECURSION = YES;
				CLANG_WARN_INT_CONVERSION = YES;
				CLANG_WARN_NON_LITERAL_NULL_CONVERSION = YES;
				CLANG_WARN_OBJC_IMPLICIT_RETAIN_SELF = YES;
				CLANG_WARN_OBJC_LITERAL_CONVERSION = YES;
				CLANG_WARN_OBJC_ROOT_CLASS = YES_ERROR;
				CLANG_WARN_RANGE_LOOP_ANALYSIS = YES;
				CLANG_WARN_STRICT_PROTOTYPES = YES;
				CLANG_WARN_SUSPICIOUS_MOVE = YES;
				CLANG_WARN_UNGUARDED_AVAILABILITY = YES_AGGRESSIVE;
				CLANG_WARN_UNREACHABLE_CODE = YES;
				CLANG_WARN__DUPLICATE_METHOD_MATCH = YES;
				COPY_PHASE_STRIP = NO;
				DEBUG_INFORMATION_FORMAT = dwarf;
				ENABLE_STRICT_OBJC_MSGSEND = YES;
				ENABLE_TESTABILITY = YES;
				GCC_C_LANGUAGE_STANDARD = gnu11;
				GCC_DYNAMIC_NO_PIC = NO;
				GCC_NO_COMMON_BLOCKS = YES;
				GCC_OPTIMIZATION_LEVEL = 0;
				GCC_PREPROCESSOR_DEFINITIONS = (
					"DEBUG=1",
					"$(inherited)",
				);
				GCC_WARN_64_TO_32_BIT_CONVERSION = YES;
				GCC_WARN_ABOUT_RETURN_TYPE = YES_ERROR;
				GCC_WARN_UNDECLARED_SELECTOR = YES;
				GCC_WARN_UNINITIALIZED_AUTOS = YES_AGGRESSIVE;
				GCC_WARN_UNUSED_FUNCTION = YES;
				GCC_WARN_UNUSED_VARIABLE = YES;
				IPHONEOS_DEPLOYMENT_TARGET = 13.6;
				MTL_ENABLE_DEBUG_INFO = INCLUDE_SOURCE;
				MTL_FAST_MATH = YES;
				ONLY_ACTIVE_ARCH = YES;
				SDKROOT = iphoneos;
				SWIFT_ACTIVE_COMPILATION_CONDITIONS = DEBUG;
				SWIFT_OPTIMIZATION_LEVEL = "-Onone";
			};
			name = Debug;
		};
		8886115B24D48C8F00E912E2 /* Release */ = {
			isa = XCBuildConfiguration;
			buildSettings = {
				ALWAYS_SEARCH_USER_PATHS = NO;
				CLANG_ANALYZER_NONNULL = YES;
				CLANG_ANALYZER_NUMBER_OBJECT_CONVERSION = YES_AGGRESSIVE;
				CLANG_CXX_LANGUAGE_STANDARD = "gnu++14";
				CLANG_CXX_LIBRARY = "libc++";
				CLANG_ENABLE_MODULES = YES;
				CLANG_ENABLE_OBJC_ARC = YES;
				CLANG_ENABLE_OBJC_WEAK = YES;
				CLANG_WARN_BLOCK_CAPTURE_AUTORELEASING = YES;
				CLANG_WARN_BOOL_CONVERSION = YES;
				CLANG_WARN_COMMA = YES;
				CLANG_WARN_CONSTANT_CONVERSION = YES;
				CLANG_WARN_DEPRECATED_OBJC_IMPLEMENTATIONS = YES;
				CLANG_WARN_DIRECT_OBJC_ISA_USAGE = YES_ERROR;
				CLANG_WARN_DOCUMENTATION_COMMENTS = YES;
				CLANG_WARN_EMPTY_BODY = YES;
				CLANG_WARN_ENUM_CONVERSION = YES;
				CLANG_WARN_INFINITE_RECURSION = YES;
				CLANG_WARN_INT_CONVERSION = YES;
				CLANG_WARN_NON_LITERAL_NULL_CONVERSION = YES;
				CLANG_WARN_OBJC_IMPLICIT_RETAIN_SELF = YES;
				CLANG_WARN_OBJC_LITERAL_CONVERSION = YES;
				CLANG_WARN_OBJC_ROOT_CLASS = YES_ERROR;
				CLANG_WARN_RANGE_LOOP_ANALYSIS = YES;
				CLANG_WARN_STRICT_PROTOTYPES = YES;
				CLANG_WARN_SUSPICIOUS_MOVE = YES;
				CLANG_WARN_UNGUARDED_AVAILABILITY = YES_AGGRESSIVE;
				CLANG_WARN_UNREACHABLE_CODE = YES;
				CLANG_WARN__DUPLICATE_METHOD_MATCH = YES;
				COPY_PHASE_STRIP = NO;
				DEBUG_INFORMATION_FORMAT = "dwarf-with-dsym";
				ENABLE_NS_ASSERTIONS = NO;
				ENABLE_STRICT_OBJC_MSGSEND = YES;
				GCC_C_LANGUAGE_STANDARD = gnu11;
				GCC_NO_COMMON_BLOCKS = YES;
				GCC_WARN_64_TO_32_BIT_CONVERSION = YES;
				GCC_WARN_ABOUT_RETURN_TYPE = YES_ERROR;
				GCC_WARN_UNDECLARED_SELECTOR = YES;
				GCC_WARN_UNINITIALIZED_AUTOS = YES_AGGRESSIVE;
				GCC_WARN_UNUSED_FUNCTION = YES;
				GCC_WARN_UNUSED_VARIABLE = YES;
				IPHONEOS_DEPLOYMENT_TARGET = 13.6;
				MTL_ENABLE_DEBUG_INFO = NO;
				MTL_FAST_MATH = YES;
				SDKROOT = iphoneos;
				SWIFT_COMPILATION_MODE = wholemodule;
				SWIFT_OPTIMIZATION_LEVEL = "-O";
				VALIDATE_PRODUCT = YES;
			};
			name = Release;
		};
		8886115D24D48C8F00E912E2 /* Debug */ = {
			isa = XCBuildConfiguration;
			baseConfigurationReference = EEA59DE5FFC419A9C2D5517E /* Pods-Alu.debug.xcconfig */;
			buildSettings = {
				ASSETCATALOG_COMPILER_APPICON_NAME = AppIcon;
				CODE_SIGN_ENTITLEMENTS = Alu/ALU.KZ.entitlements;
				CODE_SIGN_IDENTITY = "iPhone Developer";
				CODE_SIGN_STYLE = Automatic;
				CURRENT_PROJECT_VERSION = 1;
				DEVELOPMENT_TEAM = S4N9N5DMJM;
				INFOPLIST_FILE = Alu/Info.plist;
				IPHONEOS_DEPLOYMENT_TARGET = 11.0;
				LD_RUNPATH_SEARCH_PATHS = (
					"$(inherited)",
					"@executable_path/Frameworks",
				);
				MARKETING_VERSION = 1.2.2;
				PRODUCT_BUNDLE_IDENTIFIER = com.kz.ALU;
				PRODUCT_NAME = ALU.KZ;
				PROVISIONING_PROFILE_SPECIFIER = "";
				SWIFT_VERSION = 5.0;
				TARGETED_DEVICE_FAMILY = 1;
			};
			name = Debug;
		};
		8886115E24D48C8F00E912E2 /* Release */ = {
			isa = XCBuildConfiguration;
			baseConfigurationReference = 82CA6E071C9C3D641257A2A0 /* Pods-Alu.release.xcconfig */;
			buildSettings = {
				ASSETCATALOG_COMPILER_APPICON_NAME = AppIcon;
				CODE_SIGN_ENTITLEMENTS = Alu/ALU.KZ.entitlements;
				CODE_SIGN_IDENTITY = "iPhone Distribution";
				CODE_SIGN_STYLE = Manual;
				CURRENT_PROJECT_VERSION = 1;
				DEVELOPMENT_TEAM = S4N9N5DMJM;
				INFOPLIST_FILE = Alu/Info.plist;
				IPHONEOS_DEPLOYMENT_TARGET = 11.0;
				LD_RUNPATH_SEARCH_PATHS = (
					"$(inherited)",
					"@executable_path/Frameworks",
				);
				MARKETING_VERSION = 1.2.2;
				PRODUCT_BUNDLE_IDENTIFIER = com.kz.ALU;
				PRODUCT_NAME = ALU.KZ;
				PROVISIONING_PROFILE_SPECIFIER = DProfile;
				SWIFT_VERSION = 5.0;
				TARGETED_DEVICE_FAMILY = 1;
			};
			name = Release;
		};
/* End XCBuildConfiguration section */

/* Begin XCConfigurationList section */
		8886114024D48C8800E912E2 /* Build configuration list for PBXProject "Alu" */ = {
			isa = XCConfigurationList;
			buildConfigurations = (
				8886115A24D48C8F00E912E2 /* Debug */,
				8886115B24D48C8F00E912E2 /* Release */,
			);
			defaultConfigurationIsVisible = 0;
			defaultConfigurationName = Release;
		};
		8886115C24D48C8F00E912E2 /* Build configuration list for PBXNativeTarget "Alu" */ = {
			isa = XCConfigurationList;
			buildConfigurations = (
				8886115D24D48C8F00E912E2 /* Debug */,
				8886115E24D48C8F00E912E2 /* Release */,
			);
			defaultConfigurationIsVisible = 0;
			defaultConfigurationName = Release;
		};
/* End XCConfigurationList section */

/* Begin XCVersionGroup section */
		8886115124D48C8800E912E2 /* Alu.xcdatamodeld */ = {
			isa = XCVersionGroup;
			children = (
				8886115224D48C8800E912E2 /* Alu.xcdatamodel */,
			);
			currentVersion = 8886115224D48C8800E912E2 /* Alu.xcdatamodel */;
			path = Alu.xcdatamodeld;
			sourceTree = "<group>";
			versionGroupType = wrapper.xcdatamodel;
		};
/* End XCVersionGroup section */
	};
	rootObject = 8886113D24D48C8800E912E2 /* Project object */;
}
